// !$*UTF8*$!
{
	archiveVersion = 1;
	classes = {
	};
	objectVersion = 50;
	objects = {

/* Begin PBXBuildFile section */
		281720AC25BF9156009E4B2C /* HomeController.swift in Sources */ = {isa = PBXBuildFile; fileRef = 281720AB25BF9156009E4B2C /* HomeController.swift */; };
		281720BE25BF9633009E4B2C /* HomeViewModel.swift in Sources */ = {isa = PBXBuildFile; fileRef = 281720BD25BF9633009E4B2C /* HomeViewModel.swift */; };
		281720C625BF9915009E4B2C /* MovieViewCell.swift in Sources */ = {isa = PBXBuildFile; fileRef = 281720C525BF9915009E4B2C /* MovieViewCell.swift */; };
		281720CF25BFA51E009E4B2C /* NetworkManager.swift in Sources */ = {isa = PBXBuildFile; fileRef = 281720CE25BFA51E009E4B2C /* NetworkManager.swift */; };
		281720D825BFA5EA009E4B2C /* Constants.swift in Sources */ = {isa = PBXBuildFile; fileRef = 281720D725BFA5EA009E4B2C /* Constants.swift */; };
		281720E125BFAA42009E4B2C /* Movie.swift in Sources */ = {isa = PBXBuildFile; fileRef = 281720E025BFAA42009E4B2C /* Movie.swift */; };
		281720EA25BFB3E5009E4B2C /* Extensions.swift in Sources */ = {isa = PBXBuildFile; fileRef = 281720E925BFB3E5009E4B2C /* Extensions.swift */; };
		281720F325C06BBB009E4B2C /* MovieDetailsView.storyboard in Resources */ = {isa = PBXBuildFile; fileRef = 281720F225C06BBB009E4B2C /* MovieDetailsView.storyboard */; };
		281720F825C06C04009E4B2C /* MovieDetailsController.swift in Sources */ = {isa = PBXBuildFile; fileRef = 281720F725C06C04009E4B2C /* MovieDetailsController.swift */; };
		281720FD25C0EE54009E4B2C /* MovieDetailsViewModel.swift in Sources */ = {isa = PBXBuildFile; fileRef = 281720FC25C0EE54009E4B2C /* MovieDetailsViewModel.swift */; };
		28C8B49025BDC78C0012F975 /* AppDelegate.swift in Sources */ = {isa = PBXBuildFile; fileRef = 28C8B48F25BDC78C0012F975 /* AppDelegate.swift */; };
		28C8B49225BDC78C0012F975 /* SceneDelegate.swift in Sources */ = {isa = PBXBuildFile; fileRef = 28C8B49125BDC78C0012F975 /* SceneDelegate.swift */; };
		28C8B49425BDC78C0012F975 /* ViewController.swift in Sources */ = {isa = PBXBuildFile; fileRef = 28C8B49325BDC78C0012F975 /* ViewController.swift */; };
		28C8B49725BDC78C0012F975 /* Main.storyboard in Resources */ = {isa = PBXBuildFile; fileRef = 28C8B49525BDC78C0012F975 /* Main.storyboard */; };
		28C8B49925BDC78D0012F975 /* Assets.xcassets in Resources */ = {isa = PBXBuildFile; fileRef = 28C8B49825BDC78D0012F975 /* Assets.xcassets */; };
		28C8B49C25BDC78D0012F975 /* LaunchScreen.storyboard in Resources */ = {isa = PBXBuildFile; fileRef = 28C8B49A25BDC78D0012F975 /* LaunchScreen.storyboard */; };
		28C8B4A725BDC78E0012F975 /* PopularMoviesTests.swift in Sources */ = {isa = PBXBuildFile; fileRef = 28C8B4A625BDC78E0012F975 /* PopularMoviesTests.swift */; };
		28C8B4B225BDC78E0012F975 /* PopularMoviesUITests.swift in Sources */ = {isa = PBXBuildFile; fileRef = 28C8B4B125BDC78E0012F975 /* PopularMoviesUITests.swift */; };
/* End PBXBuildFile section */

/* Begin PBXContainerItemProxy section */
		28C8B4A325BDC78E0012F975 /* PBXContainerItemProxy */ = {
			isa = PBXContainerItemProxy;
			containerPortal = 28C8B48425BDC78C0012F975 /* Project object */;
			proxyType = 1;
			remoteGlobalIDString = 28C8B48B25BDC78C0012F975;
			remoteInfo = PopularMovies;
		};
		28C8B4AE25BDC78E0012F975 /* PBXContainerItemProxy */ = {
			isa = PBXContainerItemProxy;
			containerPortal = 28C8B48425BDC78C0012F975 /* Project object */;
			proxyType = 1;
			remoteGlobalIDString = 28C8B48B25BDC78C0012F975;
			remoteInfo = PopularMovies;
		};
/* End PBXContainerItemProxy section */

/* Begin PBXFileReference section */
		281720AB25BF9156009E4B2C /* HomeController.swift */ = {isa = PBXFileReference; lastKnownFileType = sourcecode.swift; path = HomeController.swift; sourceTree = "<group>"; };
		281720BD25BF9633009E4B2C /* HomeViewModel.swift */ = {isa = PBXFileReference; lastKnownFileType = sourcecode.swift; path = HomeViewModel.swift; sourceTree = "<group>"; };
		281720C525BF9915009E4B2C /* MovieViewCell.swift */ = {isa = PBXFileReference; lastKnownFileType = sourcecode.swift; path = MovieViewCell.swift; sourceTree = "<group>"; };
		281720CE25BFA51E009E4B2C /* NetworkManager.swift */ = {isa = PBXFileReference; lastKnownFileType = sourcecode.swift; path = NetworkManager.swift; sourceTree = "<group>"; };
		281720D725BFA5EA009E4B2C /* Constants.swift */ = {isa = PBXFileReference; lastKnownFileType = sourcecode.swift; path = Constants.swift; sourceTree = "<group>"; };
		281720E025BFAA42009E4B2C /* Movie.swift */ = {isa = PBXFileReference; lastKnownFileType = sourcecode.swift; path = Movie.swift; sourceTree = "<group>"; };
		281720E925BFB3E5009E4B2C /* Extensions.swift */ = {isa = PBXFileReference; lastKnownFileType = sourcecode.swift; path = Extensions.swift; sourceTree = "<group>"; };
		281720F225C06BBB009E4B2C /* MovieDetailsView.storyboard */ = {isa = PBXFileReference; lastKnownFileType = file.storyboard; path = MovieDetailsView.storyboard; sourceTree = "<group>"; };
		281720F725C06C04009E4B2C /* MovieDetailsController.swift */ = {isa = PBXFileReference; lastKnownFileType = sourcecode.swift; path = MovieDetailsController.swift; sourceTree = "<group>"; };
		281720FC25C0EE54009E4B2C /* MovieDetailsViewModel.swift */ = {isa = PBXFileReference; lastKnownFileType = sourcecode.swift; path = MovieDetailsViewModel.swift; sourceTree = "<group>"; };
		28C8B48C25BDC78C0012F975 /* PopularMovies.app */ = {isa = PBXFileReference; explicitFileType = wrapper.application; includeInIndex = 0; path = PopularMovies.app; sourceTree = BUILT_PRODUCTS_DIR; };
		28C8B48F25BDC78C0012F975 /* AppDelegate.swift */ = {isa = PBXFileReference; lastKnownFileType = sourcecode.swift; path = AppDelegate.swift; sourceTree = "<group>"; };
		28C8B49125BDC78C0012F975 /* SceneDelegate.swift */ = {isa = PBXFileReference; lastKnownFileType = sourcecode.swift; path = SceneDelegate.swift; sourceTree = "<group>"; };
		28C8B49325BDC78C0012F975 /* ViewController.swift */ = {isa = PBXFileReference; lastKnownFileType = sourcecode.swift; path = ViewController.swift; sourceTree = "<group>"; };
		28C8B49625BDC78C0012F975 /* Base */ = {isa = PBXFileReference; lastKnownFileType = file.storyboard; name = Base; path = Base.lproj/Main.storyboard; sourceTree = "<group>"; };
		28C8B49825BDC78D0012F975 /* Assets.xcassets */ = {isa = PBXFileReference; lastKnownFileType = folder.assetcatalog; path = Assets.xcassets; sourceTree = "<group>"; };
		28C8B49B25BDC78D0012F975 /* Base */ = {isa = PBXFileReference; lastKnownFileType = file.storyboard; name = Base; path = Base.lproj/LaunchScreen.storyboard; sourceTree = "<group>"; };
		28C8B49D25BDC78D0012F975 /* Info.plist */ = {isa = PBXFileReference; lastKnownFileType = text.plist.xml; path = Info.plist; sourceTree = "<group>"; };
		28C8B4A225BDC78E0012F975 /* PopularMoviesTests.xctest */ = {isa = PBXFileReference; explicitFileType = wrapper.cfbundle; includeInIndex = 0; path = PopularMoviesTests.xctest; sourceTree = BUILT_PRODUCTS_DIR; };
		28C8B4A625BDC78E0012F975 /* PopularMoviesTests.swift */ = {isa = PBXFileReference; lastKnownFileType = sourcecode.swift; path = PopularMoviesTests.swift; sourceTree = "<group>"; };
		28C8B4A825BDC78E0012F975 /* Info.plist */ = {isa = PBXFileReference; lastKnownFileType = text.plist.xml; path = Info.plist; sourceTree = "<group>"; };
		28C8B4AD25BDC78E0012F975 /* PopularMoviesUITests.xctest */ = {isa = PBXFileReference; explicitFileType = wrapper.cfbundle; includeInIndex = 0; path = PopularMoviesUITests.xctest; sourceTree = BUILT_PRODUCTS_DIR; };
		28C8B4B125BDC78E0012F975 /* PopularMoviesUITests.swift */ = {isa = PBXFileReference; lastKnownFileType = sourcecode.swift; path = PopularMoviesUITests.swift; sourceTree = "<group>"; };
		28C8B4B325BDC78E0012F975 /* Info.plist */ = {isa = PBXFileReference; lastKnownFileType = text.plist.xml; path = Info.plist; sourceTree = "<group>"; };
/* End PBXFileReference section */

/* Begin PBXFrameworksBuildPhase section */
		28C8B48925BDC78C0012F975 /* Frameworks */ = {
			isa = PBXFrameworksBuildPhase;
			buildActionMask = 2147483647;
			files = (
			);
			runOnlyForDeploymentPostprocessing = 0;
		};
		28C8B49F25BDC78E0012F975 /* Frameworks */ = {
			isa = PBXFrameworksBuildPhase;
			buildActionMask = 2147483647;
			files = (
			);
			runOnlyForDeploymentPostprocessing = 0;
		};
		28C8B4AA25BDC78E0012F975 /* Frameworks */ = {
			isa = PBXFrameworksBuildPhase;
			buildActionMask = 2147483647;
			files = (
			);
			runOnlyForDeploymentPostprocessing = 0;
		};
/* End PBXFrameworksBuildPhase section */

/* Begin PBXGroup section */
		281720AA25BF9128009E4B2C /* Controllers */ = {
			isa = PBXGroup;
			children = (
				281720AB25BF9156009E4B2C /* HomeController.swift */,
				281720F725C06C04009E4B2C /* MovieDetailsController.swift */,
			);
			path = Controllers;
			sourceTree = "<group>";
		};
		281720B325BF9225009E4B2C /* Cells */ = {
			isa = PBXGroup;
			children = (
				281720C525BF9915009E4B2C /* MovieViewCell.swift */,
			);
			path = Cells;
			sourceTree = "<group>";
		};
		281720BC25BF9621009E4B2C /* ViewModels */ = {
			isa = PBXGroup;
			children = (
				281720BD25BF9633009E4B2C /* HomeViewModel.swift */,
				281720FC25C0EE54009E4B2C /* MovieDetailsViewModel.swift */,
			);
			path = ViewModels;
			sourceTree = "<group>";
		};
		281720CD25BFA50F009E4B2C /* Managers */ = {
			isa = PBXGroup;
			children = (
				281720CE25BFA51E009E4B2C /* NetworkManager.swift */,
			);
			path = Managers;
			sourceTree = "<group>";
		};
		281720D625BFA5D8009E4B2C /* Constants */ = {
			isa = PBXGroup;
			children = (
				281720D725BFA5EA009E4B2C /* Constants.swift */,
			);
			path = Constants;
			sourceTree = "<group>";
		};
		281720DF25BFAA31009E4B2C /* Models */ = {
			isa = PBXGroup;
			children = (
				281720E025BFAA42009E4B2C /* Movie.swift */,
			);
			path = Models;
			sourceTree = "<group>";
		};
		281720E825BFB3D5009E4B2C /* Extensions */ = {
			isa = PBXGroup;
			children = (
				281720E925BFB3E5009E4B2C /* Extensions.swift */,
			);
			path = Extensions;
			sourceTree = "<group>";
		};
		281720F125C06B8C009E4B2C /* Views */ = {
			isa = PBXGroup;
			children = (
				281720F225C06BBB009E4B2C /* MovieDetailsView.storyboard */,
			);
			path = Views;
			sourceTree = "<group>";
		};
		28C8B48325BDC78C0012F975 = {
			isa = PBXGroup;
			children = (
				28C8B48E25BDC78C0012F975 /* PopularMovies */,
				28C8B4A525BDC78E0012F975 /* PopularMoviesTests */,
				28C8B4B025BDC78E0012F975 /* PopularMoviesUITests */,
				28C8B48D25BDC78C0012F975 /* Products */,
			);
			sourceTree = "<group>";
		};
		28C8B48D25BDC78C0012F975 /* Products */ = {
			isa = PBXGroup;
			children = (
				28C8B48C25BDC78C0012F975 /* PopularMovies.app */,
				28C8B4A225BDC78E0012F975 /* PopularMoviesTests.xctest */,
				28C8B4AD25BDC78E0012F975 /* PopularMoviesUITests.xctest */,
			);
			name = Products;
			sourceTree = "<group>";
		};
		28C8B48E25BDC78C0012F975 /* PopularMovies */ = {
			isa = PBXGroup;
			children = (
				281720F125C06B8C009E4B2C /* Views */,
				281720E825BFB3D5009E4B2C /* Extensions */,
				281720DF25BFAA31009E4B2C /* Models */,
				281720D625BFA5D8009E4B2C /* Constants */,
				281720CD25BFA50F009E4B2C /* Managers */,
				281720BC25BF9621009E4B2C /* ViewModels */,
				281720B325BF9225009E4B2C /* Cells */,
				281720AA25BF9128009E4B2C /* Controllers */,
				28C8B48F25BDC78C0012F975 /* AppDelegate.swift */,
				28C8B49125BDC78C0012F975 /* SceneDelegate.swift */,
				28C8B49325BDC78C0012F975 /* ViewController.swift */,
				28C8B49525BDC78C0012F975 /* Main.storyboard */,
				28C8B49825BDC78D0012F975 /* Assets.xcassets */,
				28C8B49A25BDC78D0012F975 /* LaunchScreen.storyboard */,
				28C8B49D25BDC78D0012F975 /* Info.plist */,
			);
			path = PopularMovies;
			sourceTree = "<group>";
		};
		28C8B4A525BDC78E0012F975 /* PopularMoviesTests */ = {
			isa = PBXGroup;
			children = (
				28C8B4A625BDC78E0012F975 /* PopularMoviesTests.swift */,
				28C8B4A825BDC78E0012F975 /* Info.plist */,
			);
			path = PopularMoviesTests;
			sourceTree = "<group>";
		};
		28C8B4B025BDC78E0012F975 /* PopularMoviesUITests */ = {
			isa = PBXGroup;
			children = (
				28C8B4B125BDC78E0012F975 /* PopularMoviesUITests.swift */,
				28C8B4B325BDC78E0012F975 /* Info.plist */,
			);
			path = PopularMoviesUITests;
			sourceTree = "<group>";
		};
/* End PBXGroup section */

/* Begin PBXNativeTarget section */
		28C8B48B25BDC78C0012F975 /* PopularMovies */ = {
			isa = PBXNativeTarget;
			buildConfigurationList = 28C8B4B625BDC78E0012F975 /* Build configuration list for PBXNativeTarget "PopularMovies" */;
			buildPhases = (
				28C8B48825BDC78C0012F975 /* Sources */,
				28C8B48925BDC78C0012F975 /* Frameworks */,
				28C8B48A25BDC78C0012F975 /* Resources */,
			);
			buildRules = (
			);
			dependencies = (
			);
			name = PopularMovies;
			productName = PopularMovies;
			productReference = 28C8B48C25BDC78C0012F975 /* PopularMovies.app */;
			productType = "com.apple.product-type.application";
		};
		28C8B4A125BDC78E0012F975 /* PopularMoviesTests */ = {
			isa = PBXNativeTarget;
			buildConfigurationList = 28C8B4B925BDC78E0012F975 /* Build configuration list for PBXNativeTarget "PopularMoviesTests" */;
			buildPhases = (
				28C8B49E25BDC78E0012F975 /* Sources */,
				28C8B49F25BDC78E0012F975 /* Frameworks */,
				28C8B4A025BDC78E0012F975 /* Resources */,
			);
			buildRules = (
			);
			dependencies = (
				28C8B4A425BDC78E0012F975 /* PBXTargetDependency */,
			);
			name = PopularMoviesTests;
			productName = PopularMoviesTests;
			productReference = 28C8B4A225BDC78E0012F975 /* PopularMoviesTests.xctest */;
			productType = "com.apple.product-type.bundle.unit-test";
		};
		28C8B4AC25BDC78E0012F975 /* PopularMoviesUITests */ = {
			isa = PBXNativeTarget;
			buildConfigurationList = 28C8B4BC25BDC78E0012F975 /* Build configuration list for PBXNativeTarget "PopularMoviesUITests" */;
			buildPhases = (
				28C8B4A925BDC78E0012F975 /* Sources */,
				28C8B4AA25BDC78E0012F975 /* Frameworks */,
				28C8B4AB25BDC78E0012F975 /* Resources */,
			);
			buildRules = (
			);
			dependencies = (
				28C8B4AF25BDC78E0012F975 /* PBXTargetDependency */,
			);
			name = PopularMoviesUITests;
			productName = PopularMoviesUITests;
			productReference = 28C8B4AD25BDC78E0012F975 /* PopularMoviesUITests.xctest */;
			productType = "com.apple.product-type.bundle.ui-testing";
		};
/* End PBXNativeTarget section */

/* Begin PBXProject section */
		28C8B48425BDC78C0012F975 /* Project object */ = {
			isa = PBXProject;
			attributes = {
				LastSwiftUpdateCheck = 1210;
				LastUpgradeCheck = 1210;
				TargetAttributes = {
					28C8B48B25BDC78C0012F975 = {
						CreatedOnToolsVersion = 12.1;
					};
					28C8B4A125BDC78E0012F975 = {
						CreatedOnToolsVersion = 12.1;
						TestTargetID = 28C8B48B25BDC78C0012F975;
					};
					28C8B4AC25BDC78E0012F975 = {
						CreatedOnToolsVersion = 12.1;
						TestTargetID = 28C8B48B25BDC78C0012F975;
					};
				};
			};
			buildConfigurationList = 28C8B48725BDC78C0012F975 /* Build configuration list for PBXProject "PopularMovies" */;
			compatibilityVersion = "Xcode 9.3";
			developmentRegion = en;
			hasScannedForEncodings = 0;
			knownRegions = (
				en,
				Base,
			);
			mainGroup = 28C8B48325BDC78C0012F975;
			productRefGroup = 28C8B48D25BDC78C0012F975 /* Products */;
			projectDirPath = "";
			projectRoot = "";
			targets = (
				28C8B48B25BDC78C0012F975 /* PopularMovies */,
				28C8B4A125BDC78E0012F975 /* PopularMoviesTests */,
				28C8B4AC25BDC78E0012F975 /* PopularMoviesUITests */,
			);
		};
/* End PBXProject section */

/* Begin PBXResourcesBuildPhase section */
		28C8B48A25BDC78C0012F975 /* Resources */ = {
			isa = PBXResourcesBuildPhase;
			buildActionMask = 2147483647;
			files = (
				28C8B49C25BDC78D0012F975 /* LaunchScreen.storyboard in Resources */,
				28C8B49925BDC78D0012F975 /* Assets.xcassets in Resources */,
				28C8B49725BDC78C0012F975 /* Main.storyboard in Resources */,
				281720F325C06BBB009E4B2C /* MovieDetailsView.storyboard in Resources */,
			);
			runOnlyForDeploymentPostprocessing = 0;
		};
		28C8B4A025BDC78E0012F975 /* Resources */ = {
			isa = PBXResourcesBuildPhase;
			buildActionMask = 2147483647;
			files = (
			);
			runOnlyForDeploymentPostprocessing = 0;
		};
		28C8B4AB25BDC78E0012F975 /* Resources */ = {
			isa = PBXResourcesBuildPhase;
			buildActionMask = 2147483647;
			files = (
			);
			runOnlyForDeploymentPostprocessing = 0;
		};
/* End PBXResourcesBuildPhase section */

/* Begin PBXSourcesBuildPhase section */
		28C8B48825BDC78C0012F975 /* Sources */ = {
			isa = PBXSourcesBuildPhase;
			buildActionMask = 2147483647;
			files = (
				281720AC25BF9156009E4B2C /* HomeController.swift in Sources */,
				281720BE25BF9633009E4B2C /* HomeViewModel.swift in Sources */,
				281720E125BFAA42009E4B2C /* Movie.swift in Sources */,
				281720F825C06C04009E4B2C /* MovieDetailsController.swift in Sources */,
				28C8B49425BDC78C0012F975 /* ViewController.swift in Sources */,
				281720CF25BFA51E009E4B2C /* NetworkManager.swift in Sources */,
				281720EA25BFB3E5009E4B2C /* Extensions.swift in Sources */,
				28C8B49025BDC78C0012F975 /* AppDelegate.swift in Sources */,
				281720FD25C0EE54009E4B2C /* MovieDetailsViewModel.swift in Sources */,
				28C8B49225BDC78C0012F975 /* SceneDelegate.swift in Sources */,
				281720C625BF9915009E4B2C /* MovieViewCell.swift in Sources */,
				281720D825BFA5EA009E4B2C /* Constants.swift in Sources */,
			);
			runOnlyForDeploymentPostprocessing = 0;
		};
		28C8B49E25BDC78E0012F975 /* Sources */ = {
			isa = PBXSourcesBuildPhase;
			buildActionMask = 2147483647;
			files = (
				28C8B4A725BDC78E0012F975 /* PopularMoviesTests.swift in Sources */,
			);
			runOnlyForDeploymentPostprocessing = 0;
		};
		28C8B4A925BDC78E0012F975 /* Sources */ = {
			isa = PBXSourcesBuildPhase;
			buildActionMask = 2147483647;
			files = (
				28C8B4B225BDC78E0012F975 /* PopularMoviesUITests.swift in Sources */,
			);
			runOnlyForDeploymentPostprocessing = 0;
		};
/* End PBXSourcesBuildPhase section */

/* Begin PBXTargetDependency section */
		28C8B4A425BDC78E0012F975 /* PBXTargetDependency */ = {
			isa = PBXTargetDependency;
			target = 28C8B48B25BDC78C0012F975 /* PopularMovies */;
			targetProxy = 28C8B4A325BDC78E0012F975 /* PBXContainerItemProxy */;
		};
		28C8B4AF25BDC78E0012F975 /* PBXTargetDependency */ = {
			isa = PBXTargetDependency;
			target = 28C8B48B25BDC78C0012F975 /* PopularMovies */;
			targetProxy = 28C8B4AE25BDC78E0012F975 /* PBXContainerItemProxy */;
		};
/* End PBXTargetDependency section */

/* Begin PBXVariantGroup section */
		28C8B49525BDC78C0012F975 /* Main.storyboard */ = {
			isa = PBXVariantGroup;
			children = (
				28C8B49625BDC78C0012F975 /* Base */,
			);
			name = Main.storyboard;
			sourceTree = "<group>";
		};
		28C8B49A25BDC78D0012F975 /* LaunchScreen.storyboard */ = {
			isa = PBXVariantGroup;
			children = (
				28C8B49B25BDC78D0012F975 /* Base */,
			);
			name = LaunchScreen.storyboard;
			sourceTree = "<group>";
		};
/* End PBXVariantGroup section */

/* Begin XCBuildConfiguration section */
		28C8B4B425BDC78E0012F975 /* Debug */ = {
			isa = XCBuildConfiguration;
			buildSettings = {
				ALWAYS_SEARCH_USER_PATHS = NO;
				CLANG_ANALYZER_NONNULL = YES;
				CLANG_ANALYZER_NUMBER_OBJECT_CONVERSION = YES_AGGRESSIVE;
				CLANG_CXX_LANGUAGE_STANDARD = "gnu++14";
				CLANG_CXX_LIBRARY = "libc++";
				CLANG_ENABLE_MODULES = YES;
				CLANG_ENABLE_OBJC_ARC = YES;
				CLANG_ENABLE_OBJC_WEAK = YES;
				CLANG_WARN_BLOCK_CAPTURE_AUTORELEASING = YES;
				CLANG_WARN_BOOL_CONVERSION = YES;
				CLANG_WARN_COMMA = YES;
				CLANG_WARN_CONSTANT_CONVERSION = YES;
				CLANG_WARN_DEPRECATED_OBJC_IMPLEMENTATIONS = YES;
				CLANG_WARN_DIRECT_OBJC_ISA_USAGE = YES_ERROR;
				CLANG_WARN_DOCUMENTATION_COMMENTS = YES;
				CLANG_WARN_EMPTY_BODY = YES;
				CLANG_WARN_ENUM_CONVERSION = YES;
				CLANG_WARN_INFINITE_RECURSION = YES;
				CLANG_WARN_INT_CONVERSION = YES;
				CLANG_WARN_NON_LITERAL_NULL_CONVERSION = YES;
				CLANG_WARN_OBJC_IMPLICIT_RETAIN_SELF = YES;
				CLANG_WARN_OBJC_LITERAL_CONVERSION = YES;
				CLANG_WARN_OBJC_ROOT_CLASS = YES_ERROR;
				CLANG_WARN_QUOTED_INCLUDE_IN_FRAMEWORK_HEADER = YES;
				CLANG_WARN_RANGE_LOOP_ANALYSIS = YES;
				CLANG_WARN_STRICT_PROTOTYPES = YES;
				CLANG_WARN_SUSPICIOUS_MOVE = YES;
				CLANG_WARN_UNGUARDED_AVAILABILITY = YES_AGGRESSIVE;
				CLANG_WARN_UNREACHABLE_CODE = YES;
				CLANG_WARN__DUPLICATE_METHOD_MATCH = YES;
				COPY_PHASE_STRIP = NO;
				DEBUG_INFORMATION_FORMAT = dwarf;
				ENABLE_STRICT_OBJC_MSGSEND = YES;
				ENABLE_TESTABILITY = YES;
				GCC_C_LANGUAGE_STANDARD = gnu11;
				GCC_DYNAMIC_NO_PIC = NO;
				GCC_NO_COMMON_BLOCKS = YES;
				GCC_OPTIMIZATION_LEVEL = 0;
				GCC_PREPROCESSOR_DEFINITIONS = (
					"DEBUG=1",
					"$(inherited)",
				);
				GCC_WARN_64_TO_32_BIT_CONVERSION = YES;
				GCC_WARN_ABOUT_RETURN_TYPE = YES_ERROR;
				GCC_WARN_UNDECLARED_SELECTOR = YES;
				GCC_WARN_UNINITIALIZED_AUTOS = YES_AGGRESSIVE;
				GCC_WARN_UNUSED_FUNCTION = YES;
				GCC_WARN_UNUSED_VARIABLE = YES;
				IPHONEOS_DEPLOYMENT_TARGET = 14.1;
				MTL_ENABLE_DEBUG_INFO = INCLUDE_SOURCE;
				MTL_FAST_MATH = YES;
				ONLY_ACTIVE_ARCH = YES;
				SDKROOT = iphoneos;
				SWIFT_ACTIVE_COMPILATION_CONDITIONS = DEBUG;
				SWIFT_OPTIMIZATION_LEVEL = "-Onone";
			};
			name = Debug;
		};
		28C8B4B525BDC78E0012F975 /* Release */ = {
			isa = XCBuildConfiguration;
			buildSettings = {
				ALWAYS_SEARCH_USER_PATHS = NO;
				CLANG_ANALYZER_NONNULL = YES;
				CLANG_ANALYZER_NUMBER_OBJECT_CONVERSION = YES_AGGRESSIVE;
				CLANG_CXX_LANGUAGE_STANDARD = "gnu++14";
				CLANG_CXX_LIBRARY = "libc++";
				CLANG_ENABLE_MODULES = YES;
				CLANG_ENABLE_OBJC_ARC = YES;
				CLANG_ENABLE_OBJC_WEAK = YES;
				CLANG_WARN_BLOCK_CAPTURE_AUTORELEASING = YES;
				CLANG_WARN_BOOL_CONVERSION = YES;
				CLANG_WARN_COMMA = YES;
				CLANG_WARN_CONSTANT_CONVERSION = YES;
				CLANG_WARN_DEPRECATED_OBJC_IMPLEMENTATIONS = YES;
				CLANG_WARN_DIRECT_OBJC_ISA_USAGE = YES_ERROR;
				CLANG_WARN_DOCUMENTATION_COMMENTS = YES;
				CLANG_WARN_EMPTY_BODY = YES;
				CLANG_WARN_ENUM_CONVERSION = YES;
				CLANG_WARN_INFINITE_RECURSION = YES;
				CLANG_WARN_INT_CONVERSION = YES;
				CLANG_WARN_NON_LITERAL_NULL_CONVERSION = YES;
				CLANG_WARN_OBJC_IMPLICIT_RETAIN_SELF = YES;
				CLANG_WARN_OBJC_LITERAL_CONVERSION = YES;
				CLANG_WARN_OBJC_ROOT_CLASS = YES_ERROR;
				CLANG_WARN_QUOTED_INCLUDE_IN_FRAMEWORK_HEADER = YES;
				CLANG_WARN_RANGE_LOOP_ANALYSIS = YES;
				CLANG_WARN_STRICT_PROTOTYPES = YES;
				CLANG_WARN_SUSPICIOUS_MOVE = YES;
				CLANG_WARN_UNGUARDED_AVAILABILITY = YES_AGGRESSIVE;
				CLANG_WARN_UNREACHABLE_CODE = YES;
				CLANG_WARN__DUPLICATE_METHOD_MATCH = YES;
				COPY_PHASE_STRIP = NO;
				DEBUG_INFORMATION_FORMAT = "dwarf-with-dsym";
				ENABLE_NS_ASSERTIONS = NO;
				ENABLE_STRICT_OBJC_MSGSEND = YES;
				GCC_C_LANGUAGE_STANDARD = gnu11;
				GCC_NO_COMMON_BLOCKS = YES;
				GCC_WARN_64_TO_32_BIT_CONVERSION = YES;
				GCC_WARN_ABOUT_RETURN_TYPE = YES_ERROR;
				GCC_WARN_UNDECLARED_SELECTOR = YES;
				GCC_WARN_UNINITIALIZED_AUTOS = YES_AGGRESSIVE;
				GCC_WARN_UNUSED_FUNCTION = YES;
				GCC_WARN_UNUSED_VARIABLE = YES;
				IPHONEOS_DEPLOYMENT_TARGET = 14.1;
				MTL_ENABLE_DEBUG_INFO = NO;
				MTL_FAST_MATH = YES;
				SDKROOT = iphoneos;
				SWIFT_COMPILATION_MODE = wholemodule;
				SWIFT_OPTIMIZATION_LEVEL = "-O";
				VALIDATE_PRODUCT = YES;
			};
			name = Release;
		};
		28C8B4B725BDC78E0012F975 /* Debug */ = {
			isa = XCBuildConfiguration;
			buildSettings = {
				ASSETCATALOG_COMPILER_APPICON_NAME = AppIcon;
				ASSETCATALOG_COMPILER_GLOBAL_ACCENT_COLOR_NAME = AccentColor;
				CODE_SIGN_STYLE = Automatic;
				INFOPLIST_FILE = PopularMovies/Info.plist;
				LD_RUNPATH_SEARCH_PATHS = (
					"$(inherited)",
					"@executable_path/Frameworks",
				);
				PRODUCT_BUNDLE_IDENTIFIER = com.julioandherson.PopularMovies;
				PRODUCT_NAME = "$(TARGET_NAME)";
				SWIFT_VERSION = 5.0;
				TARGETED_DEVICE_FAMILY = "1,2";
			};
			name = Debug;
		};
		28C8B4B825BDC78E0012F975 /* Release */ = {
			isa = XCBuildConfiguration;
			buildSettings = {
				ASSETCATALOG_COMPILER_APPICON_NAME = AppIcon;
				ASSETCATALOG_COMPILER_GLOBAL_ACCENT_COLOR_NAME = AccentColor;
				CODE_SIGN_STYLE = Automatic;
				INFOPLIST_FILE = PopularMovies/Info.plist;
				LD_RUNPATH_SEARCH_PATHS = (
					"$(inherited)",
					"@executable_path/Frameworks",
				);
				PRODUCT_BUNDLE_IDENTIFIER = com.julioandherson.PopularMovies;
				PRODUCT_NAME = "$(TARGET_NAME)";
				SWIFT_VERSION = 5.0;
				TARGETED_DEVICE_FAMILY = "1,2";
			};
			name = Release;
		};
		28C8B4BA25BDC78E0012F975 /* Debug */ = {
			isa = XCBuildConfiguration;
			buildSettings = {
				ALWAYS_EMBED_SWIFT_STANDARD_LIBRARIES = YES;
				BUNDLE_LOADER = "$(TEST_HOST)";
				CODE_SIGN_STYLE = Automatic;
				INFOPLIST_FILE = PopularMoviesTests/Info.plist;
				IPHONEOS_DEPLOYMENT_TARGET = 14.1;
				LD_RUNPATH_SEARCH_PATHS = (
					"$(inherited)",
					"@executable_path/Frameworks",
					"@loader_path/Frameworks",
				);
				PRODUCT_BUNDLE_IDENTIFIER = com.julioandherson.PopularMoviesTests;
				PRODUCT_NAME = "$(TARGET_NAME)";
				SWIFT_VERSION = 5.0;
				TARGETED_DEVICE_FAMILY = "1,2";
				TEST_HOST = "$(BUILT_PRODUCTS_DIR)/PopularMovies.app/PopularMovies";
			};
			name = Debug;
		};
		28C8B4BB25BDC78E0012F975 /* Release */ = {
			isa = XCBuildConfiguration;
			buildSettings = {
				ALWAYS_EMBED_SWIFT_STANDARD_LIBRARIES = YES;
				BUNDLE_LOADER = "$(TEST_HOST)";
				CODE_SIGN_STYLE = Automatic;
				INFOPLIST_FILE = PopularMoviesTests/Info.plist;
				IPHONEOS_DEPLOYMENT_TARGET = 14.1;
				LD_RUNPATH_SEARCH_PATHS = (
					"$(inherited)",
					"@executable_path/Frameworks",
					"@loader_path/Frameworks",
				);
				PRODUCT_BUNDLE_IDENTIFIER = com.julioandherson.PopularMoviesTests;
				PRODUCT_NAME = "$(TARGET_NAME)";
				SWIFT_VERSION = 5.0;
				TARGETED_DEVICE_FAMILY = "1,2";
				TEST_HOST = "$(BUILT_PRODUCTS_DIR)/PopularMovies.app/PopularMovies";
			};
			name = Release;
		};
		28C8B4BD25BDC78E0012F975 /* Debug */ = {
			isa = XCBuildConfiguration;
			buildSettings = {
				ALWAYS_EMBED_SWIFT_STANDARD_LIBRARIES = YES;
				CODE_SIGN_STYLE = Automatic;
				INFOPLIST_FILE = PopularMoviesUITests/Info.plist;
				LD_RUNPATH_SEARCH_PATHS = (
					"$(inherited)",
					"@executable_path/Frameworks",
					"@loader_path/Frameworks",
				);
				PRODUCT_BUNDLE_IDENTIFIER = com.julioandherson.PopularMoviesUITests;
				PRODUCT_NAME = "$(TARGET_NAME)";
				SWIFT_VERSION = 5.0;
				TARGETED_DEVICE_FAMILY = "1,2";
				TEST_TARGET_NAME = PopularMovies;
			};
			name = Debug;
		};
		28C8B4BE25BDC78E0012F975 /* Release */ = {
			isa = XCBuildConfiguration;
			buildSettings = {
				ALWAYS_EMBED_SWIFT_STANDARD_LIBRARIES = YES;
				CODE_SIGN_STYLE = Automatic;
				INFOPLIST_FILE = PopularMoviesUITests/Info.plist;
				LD_RUNPATH_SEARCH_PATHS = (
					"$(inherited)",
					"@executable_path/Frameworks",
					"@loader_path/Frameworks",
				);
				PRODUCT_BUNDLE_IDENTIFIER = com.julioandherson.PopularMoviesUITests;
				PRODUCT_NAME = "$(TARGET_NAME)";
				SWIFT_VERSION = 5.0;
				TARGETED_DEVICE_FAMILY = "1,2";
				TEST_TARGET_NAME = PopularMovies;
			};
			name = Release;
		};
/* End XCBuildConfiguration section */

/* Begin XCConfigurationList section */
		28C8B48725BDC78C0012F975 /* Build configuration list for PBXProject "PopularMovies" */ = {
			isa = XCConfigurationList;
			buildConfigurations = (
				28C8B4B425BDC78E0012F975 /* Debug */,
				28C8B4B525BDC78E0012F975 /* Release */,
			);
			defaultConfigurationIsVisible = 0;
			defaultConfigurationName = Release;
		};
		28C8B4B625BDC78E0012F975 /* Build configuration list for PBXNativeTarget "PopularMovies" */ = {
			isa = XCConfigurationList;
			buildConfigurations = (
				28C8B4B725BDC78E0012F975 /* Debug */,
				28C8B4B825BDC78E0012F975 /* Release */,
			);
			defaultConfigurationIsVisible = 0;
			defaultConfigurationName = Release;
		};
		28C8B4B925BDC78E0012F975 /* Build configuration list for PBXNativeTarget "PopularMoviesTests" */ = {
			isa = XCConfigurationList;
			buildConfigurations = (
				28C8B4BA25BDC78E0012F975 /* Debug */,
				28C8B4BB25BDC78E0012F975 /* Release */,
			);
			defaultConfigurationIsVisible = 0;
			defaultConfigurationName = Release;
		};
		28C8B4BC25BDC78E0012F975 /* Build configuration list for PBXNativeTarget "PopularMoviesUITests" */ = {
			isa = XCConfigurationList;
			buildConfigurations = (
				28C8B4BD25BDC78E0012F975 /* Debug */,
				28C8B4BE25BDC78E0012F975 /* Release */,
			);
			defaultConfigurationIsVisible = 0;
			defaultConfigurationName = Release;
		};
/* End XCConfigurationList section */
	};
	rootObject = 28C8B48425BDC78C0012F975 /* Project object */;
}
